
Microsoft Visual Studio Solution File, Format Version 12.00
# Visual Studio Version 17
VisualStudioVersion = 17.14.35906.104 d17.14
MinimumVisualStudioVersion = 10.0.40219.1
Project("{FAE04EC0-301F-11D3-BF4B-00C04F79EFBC}") = "poe part 3", "poe part 3.csproj", "{B4997A83-2571-484A-BB67-F1514ADBE54E}"
EndProject
Global
	GlobalSection(SolutionConfigurationPlatforms) = preSolution
		Debug|Any CPU = Debug|Any CPU
		Release|Any CPU = Release|Any CPU
	EndGlobalSection
	GlobalSection(ProjectConfigurationPlatforms) = postSolution
		{B4997A83-2571-484A-BB67-F1514ADBE54E}.Debug|Any CPU.ActiveCfg = Debug|Any CPU
		{B4997A83-2571-484A-BB67-F1514ADBE54E}.Debug|Any CPU.Build.0 = Debug|Any CPU
		{B4997A83-2571-484A-BB67-F1514ADBE54E}.Release|Any CPU.ActiveCfg = Release|Any CPU
		{B4997A83-2571-484A-BB67-F1514ADBE54E}.Release|Any CPU.Build.0 = Release|Any CPU
	EndGlobalSection
	GlobalSection(SolutionProperties) = preSolution
		HideSolutionNode = FALSE
	EndGlobalSection
	GlobalSection(ExtensibilityGlobals) = postSolution
		SolutionGuid = {7508FCEB-6491-4D01-8884-B78661B25A18}
	EndGlobalSection
EndGlobal
